
Microsoft Visual Studio Solution File, Format Version 12.00
# Visual Studio 2015
Project("{FAE04EC0-301F-11D3-BF4B-00C04F79EFBC}") = "neighborhoodtroubles.CSharp", "neighborhoodtroubles.CSharp.csproj", "{19A3491F-66F8-F887-706C-8582F0E81058}"
EndProject
Global
	GlobalSection(SolutionConfigurationPlatforms) = preSolution
		Debug|Any CPU = Debug|Any CPU
		Release|Any CPU = Release|Any CPU
	EndGlobalSection
	GlobalSection(ProjectConfigurationPlatforms) = postSolution
		{19A3491F-66F8-F887-706C-8582F0E81058}.Debug|Any CPU.ActiveCfg = Debug|Any CPU
		{19A3491F-66F8-F887-706C-8582F0E81058}.Debug|Any CPU.Build.0 = Debug|Any CPU
		{19A3491F-66F8-F887-706C-8582F0E81058}.Release|Any CPU.ActiveCfg = Release|Any CPU
		{19A3491F-66F8-F887-706C-8582F0E81058}.Release|Any CPU.Build.0 = Release|Any CPU
	EndGlobalSection
	GlobalSection(SolutionProperties) = preSolution
		HideSolutionNode = FALSE
	EndGlobalSection
EndGlobal
